
Microsoft Visual Studio Solution File, Format Version 12.00
# Visual Studio Version 18
VisualStudioVersion = 18.0.11222.15
MinimumVisualStudioVersion = 10.0.40219.1
Project("{888888A0-9F3D-457C-B088-3A5042F75D52}") = "day1", "Day1\day1.pyproj", "{7CCF23FD-FB9C-46BD-839A-68DAAAA8D9B5}"
EndProject
Project("{888888A0-9F3D-457C-B088-3A5042F75D52}") = "day2", "day2\day2.pyproj", "{61C861C6-347F-4B43-8BCD-BA4042248CB0}"
EndProject
Project("{2150E333-8FDC-42A3-9474-1A3956D46DE8}") = "Solution Items", "Solution Items", "{6BADDF34-C51D-4610-96B8-A75C5118EA2F}"
	ProjectSection(SolutionItems) = preProject
		.gitignore = .gitignore
	EndProjectSection
EndProject
Project("{888888A0-9F3D-457C-B088-3A5042F75D52}") = "day3", "day3\day3.pyproj", "{A1CBBF04-E8D2-475F-98D3-6DD9005FC894}"
EndProject
Project("{888888A0-9F3D-457C-B088-3A5042F75D52}") = "day4", "day4\day4.pyproj", "{3E188F01-719F-49B7-89D3-D8376658DD65}"
EndProject
Project("{888888A0-9F3D-457C-B088-3A5042F75D52}") = "day5", "day5\day5.pyproj", "{C239A3BE-8657-4DBB-8F59-A4B9DCAE38C7}"
EndProject
Project("{888888A0-9F3D-457C-B088-3A5042F75D52}") = "day6", "day6\day6.pyproj", "{3049B0A4-1532-42C2-BA61-5FBF680479B1}"
EndProject
Project("{888888A0-9F3D-457C-B088-3A5042F75D52}") = "day7", "day7\day7.pyproj", "{79E1E10D-A541-49C8-AED7-6FEBF786D6BF}"
EndProject
Project("{888888A0-9F3D-457C-B088-3A5042F75D52}") = "day8", "day8\day8.pyproj", "{8E1288AF-1906-452C-8761-4C060D06D99C}"
EndProject
Global
	GlobalSection(SolutionConfigurationPlatforms) = preSolution
		Debug|Any CPU = Debug|Any CPU
		Release|Any CPU = Release|Any CPU
	EndGlobalSection
	GlobalSection(ProjectConfigurationPlatforms) = postSolution
		{7CCF23FD-FB9C-46BD-839A-68DAAAA8D9B5}.Debug|Any CPU.ActiveCfg = Debug|Any CPU
		{7CCF23FD-FB9C-46BD-839A-68DAAAA8D9B5}.Release|Any CPU.ActiveCfg = Release|Any CPU
		{61C861C6-347F-4B43-8BCD-BA4042248CB0}.Debug|Any CPU.ActiveCfg = Debug|Any CPU
		{61C861C6-347F-4B43-8BCD-BA4042248CB0}.Release|Any CPU.ActiveCfg = Release|Any CPU
		{A1CBBF04-E8D2-475F-98D3-6DD9005FC894}.Debug|Any CPU.ActiveCfg = Debug|Any CPU
		{A1CBBF04-E8D2-475F-98D3-6DD9005FC894}.Release|Any CPU.ActiveCfg = Release|Any CPU
		{3E188F01-719F-49B7-89D3-D8376658DD65}.Debug|Any CPU.ActiveCfg = Debug|Any CPU
		{3E188F01-719F-49B7-89D3-D8376658DD65}.Release|Any CPU.ActiveCfg = Release|Any CPU
		{C239A3BE-8657-4DBB-8F59-A4B9DCAE38C7}.Debug|Any CPU.ActiveCfg = Debug|Any CPU
		{C239A3BE-8657-4DBB-8F59-A4B9DCAE38C7}.Release|Any CPU.ActiveCfg = Release|Any CPU
		{3049B0A4-1532-42C2-BA61-5FBF680479B1}.Debug|Any CPU.ActiveCfg = Debug|Any CPU
		{3049B0A4-1532-42C2-BA61-5FBF680479B1}.Release|Any CPU.ActiveCfg = Release|Any CPU
		{79E1E10D-A541-49C8-AED7-6FEBF786D6BF}.Debug|Any CPU.ActiveCfg = Debug|Any CPU
		{79E1E10D-A541-49C8-AED7-6FEBF786D6BF}.Release|Any CPU.ActiveCfg = Release|Any CPU
		{8E1288AF-1906-452C-8761-4C060D06D99C}.Debug|Any CPU.ActiveCfg = Debug|Any CPU
		{8E1288AF-1906-452C-8761-4C060D06D99C}.Release|Any CPU.ActiveCfg = Release|Any CPU
	EndGlobalSection
	GlobalSection(SolutionProperties) = preSolution
		HideSolutionNode = FALSE
	EndGlobalSection
	GlobalSection(ExtensibilityGlobals) = postSolution
		SolutionGuid = {E6E91C40-AE2C-4196-90B9-B5F0F2B3B837}
	EndGlobalSection
EndGlobal
